
Microsoft Visual Studio Solution File, Format Version 12.00
# Visual Studio Version 17
VisualStudioVersion = 17.1.32210.238
MinimumVisualStudioVersion = 10.0.40219.1
Project("{FAE04EC0-301F-11D3-BF4B-00C04F79EFBC}") = "Chinook", "Chinook\Chinook.csproj", "{8FEA9B7D-8A42-4A4F-A730-72DE1A0DA330}"
EndProject
Project("{FAE04EC0-301F-11D3-BF4B-00C04F79EFBC}") = "ChinookDbLib", "ChinookDbLib\ChinookDbLib.csproj", "{D02B0461-A091-4575-B28F-FBE94DAB51AF}"
EndProject
Global
	GlobalSection(SolutionConfigurationPlatforms) = preSolution
		Debug|Any CPU = Debug|Any CPU
		Release|Any CPU = Release|Any CPU
	EndGlobalSection
	GlobalSection(ProjectConfigurationPlatforms) = postSolution
		{8FEA9B7D-8A42-4A4F-A730-72DE1A0DA330}.Debug|Any CPU.ActiveCfg = Debug|Any CPU
		{8FEA9B7D-8A42-4A4F-A730-72DE1A0DA330}.Debug|Any CPU.Build.0 = Debug|Any CPU
		{8FEA9B7D-8A42-4A4F-A730-72DE1A0DA330}.Release|Any CPU.ActiveCfg = Release|Any CPU
		{8FEA9B7D-8A42-4A4F-A730-72DE1A0DA330}.Release|Any CPU.Build.0 = Release|Any CPU
		{D02B0461-A091-4575-B28F-FBE94DAB51AF}.Debug|Any CPU.ActiveCfg = Debug|Any CPU
		{D02B0461-A091-4575-B28F-FBE94DAB51AF}.Debug|Any CPU.Build.0 = Debug|Any CPU
		{D02B0461-A091-4575-B28F-FBE94DAB51AF}.Release|Any CPU.ActiveCfg = Release|Any CPU
		{D02B0461-A091-4575-B28F-FBE94DAB51AF}.Release|Any CPU.Build.0 = Release|Any CPU
	EndGlobalSection
	GlobalSection(SolutionProperties) = preSolution
		HideSolutionNode = FALSE
	EndGlobalSection
	GlobalSection(ExtensibilityGlobals) = postSolution
		SolutionGuid = {E81A219B-CF6F-4536-82D1-F01F3E7CAFF2}
	EndGlobalSection
EndGlobal
